
Microsoft Visual Studio Solution File, Format Version 12.00
# Visual Studio 14
VisualStudioVersion = 14.0.25420.1
MinimumVisualStudioVersion = 10.0.40219.1
Project("{FAE04EC0-301F-11D3-BF4B-00C04F79EFBC}") = "Logic.NUnitTests", "Logic.NUnitTests\Logic.NUnitTests.csproj", "{2F1A4965-123F-4AC6-A8D2-EDDB29F2A0F7}"
EndProject
Project("{FAE04EC0-301F-11D3-BF4B-00C04F79EFBC}") = "Logic.Tests", "Logic.Tests\Logic.Tests.csproj", "{DCB8EA28-4F08-4A2E-A3BC-1A27E106359D}"
EndProject
Project("{FAE04EC0-301F-11D3-BF4B-00C04F79EFBC}") = "Logic", "Logic\Logic.csproj", "{793327F4-E390-408B-842B-8E445EDF0DB2}"
EndProject
Global
	GlobalSection(SolutionConfigurationPlatforms) = preSolution
		Debug|Any CPU = Debug|Any CPU
		Release|Any CPU = Release|Any CPU
	EndGlobalSection
	GlobalSection(ProjectConfigurationPlatforms) = postSolution
		{2F1A4965-123F-4AC6-A8D2-EDDB29F2A0F7}.Debug|Any CPU.ActiveCfg = Debug|Any CPU
		{2F1A4965-123F-4AC6-A8D2-EDDB29F2A0F7}.Debug|Any CPU.Build.0 = Debug|Any CPU
		{2F1A4965-123F-4AC6-A8D2-EDDB29F2A0F7}.Release|Any CPU.ActiveCfg = Release|Any CPU
		{2F1A4965-123F-4AC6-A8D2-EDDB29F2A0F7}.Release|Any CPU.Build.0 = Release|Any CPU
		{DCB8EA28-4F08-4A2E-A3BC-1A27E106359D}.Debug|Any CPU.ActiveCfg = Debug|Any CPU
		{DCB8EA28-4F08-4A2E-A3BC-1A27E106359D}.Debug|Any CPU.Build.0 = Debug|Any CPU
		{DCB8EA28-4F08-4A2E-A3BC-1A27E106359D}.Release|Any CPU.ActiveCfg = Release|Any CPU
		{DCB8EA28-4F08-4A2E-A3BC-1A27E106359D}.Release|Any CPU.Build.0 = Release|Any CPU
		{793327F4-E390-408B-842B-8E445EDF0DB2}.Debug|Any CPU.ActiveCfg = Debug|Any CPU
		{793327F4-E390-408B-842B-8E445EDF0DB2}.Debug|Any CPU.Build.0 = Debug|Any CPU
		{793327F4-E390-408B-842B-8E445EDF0DB2}.Release|Any CPU.ActiveCfg = Release|Any CPU
		{793327F4-E390-408B-842B-8E445EDF0DB2}.Release|Any CPU.Build.0 = Release|Any CPU
	EndGlobalSection
	GlobalSection(SolutionProperties) = preSolution
		HideSolutionNode = FALSE
	EndGlobalSection
EndGlobal
